
Microsoft Visual Studio Solution File, Format Version 12.00
# Visual Studio Version 17
VisualStudioVersion = 17.14.36212.18 d17.14
MinimumVisualStudioVersion = 10.0.40219.1
Project("{8BC9CEB8-8B4A-11D0-8D11-00A0C91BC942}") = "Choice", "Choice\Choice.vcxproj", "{8B968351-750E-4494-B0E2-33B13E21AA82}"
EndProject
Global
	GlobalSection(SolutionConfigurationPlatforms) = preSolution
		Debug|x64 = Debug|x64
		Debug|x86 = Debug|x86
		Release|x64 = Release|x64
		Release|x86 = Release|x86
	EndGlobalSection
	GlobalSection(ProjectConfigurationPlatforms) = postSolution
		{8B968351-750E-4494-B0E2-33B13E21AA82}.Debug|x64.ActiveCfg = Debug|x64
		{8B968351-750E-4494-B0E2-33B13E21AA82}.Debug|x64.Build.0 = Debug|x64
		{8B968351-750E-4494-B0E2-33B13E21AA82}.Debug|x86.ActiveCfg = Debug|Win32
		{8B968351-750E-4494-B0E2-33B13E21AA82}.Debug|x86.Build.0 = Debug|Win32
		{8B968351-750E-4494-B0E2-33B13E21AA82}.Release|x64.ActiveCfg = Release|x64
		{8B968351-750E-4494-B0E2-33B13E21AA82}.Release|x64.Build.0 = Release|x64
		{8B968351-750E-4494-B0E2-33B13E21AA82}.Release|x86.ActiveCfg = Release|Win32
		{8B968351-750E-4494-B0E2-33B13E21AA82}.Release|x86.Build.0 = Release|Win32
	EndGlobalSection
	GlobalSection(SolutionProperties) = preSolution
		HideSolutionNode = FALSE
	EndGlobalSection
	GlobalSection(ExtensibilityGlobals) = postSolution
		SolutionGuid = {7A3B0FA3-04F1-48B4-B7B5-538F95BB67FD}
	EndGlobalSection
EndGlobal
